{
  "pins" : [
    {
      "identity" : "foundationessentialsextras",
      "kind" : "remoteSourceControl",
      "location" : "https://github.com/GoodNotes/FoundationEssentialsExtras.git",
      "state" : {
        "revision" : "dace29232ec271389cc1e4c4258c8162d1ac3f5f"
      }
    },
    {
      "identity" : "swift-argument-parser",
      "kind" : "remoteSourceControl",
      "location" : "https://github.com/apple/swift-argument-parser.git",
      "state" : {
        "revision" : "41982a3656a71c768319979febd796c6fd111d5c",
        "version" : "1.5.0"
      }
    },
    {
      "identity" : "xylem",
      "kind" : "remoteSourceControl",
      "location" : "https://github.com/compnerd/xylem.git",
      "state" : {
        "revision" : "9881c95ce3a139f4ccfa584676201516c2a5751d"
      }
    }
  ],
  "version" : 2
}
